
Microsoft Visual Studio Solution File, Format Version 12.00
# Visual Studio Version 16
VisualStudioVersion = 16.0.30717.126
MinimumVisualStudioVersion = 10.0.40219.1
Project("{FAE04EC0-301F-11D3-BF4B-00C04F79EFBC}") = "KursGun3", "KursGun3\KursGun3.csproj", "{AD5A1E72-1787-4B49-A87C-BAE759EB7F5D}"
EndProject
Project("{FAE04EC0-301F-11D3-BF4B-00C04F79EFBC}") = "Metodlar", "Metodlar\Metodlar.csproj", "{B1C4927E-4CA0-4165-A674-0F82C6388219}"
EndProject
Project("{FAE04EC0-301F-11D3-BF4B-00C04F79EFBC}") = "Matematik", "Matematik\Matematik.csproj", "{998760F9-37F7-4036-B0B1-5DBAD33542AF}"
EndProject
Global
	GlobalSection(SolutionConfigurationPlatforms) = preSolution
		Debug|Any CPU = Debug|Any CPU
		Release|Any CPU = Release|Any CPU
	EndGlobalSection
	GlobalSection(ProjectConfigurationPlatforms) = postSolution
		{AD5A1E72-1787-4B49-A87C-BAE759EB7F5D}.Debug|Any CPU.ActiveCfg = Debug|Any CPU
		{AD5A1E72-1787-4B49-A87C-BAE759EB7F5D}.Debug|Any CPU.Build.0 = Debug|Any CPU
		{AD5A1E72-1787-4B49-A87C-BAE759EB7F5D}.Release|Any CPU.ActiveCfg = Release|Any CPU
		{AD5A1E72-1787-4B49-A87C-BAE759EB7F5D}.Release|Any CPU.Build.0 = Release|Any CPU
		{B1C4927E-4CA0-4165-A674-0F82C6388219}.Debug|Any CPU.ActiveCfg = Debug|Any CPU
		{B1C4927E-4CA0-4165-A674-0F82C6388219}.Debug|Any CPU.Build.0 = Debug|Any CPU
		{B1C4927E-4CA0-4165-A674-0F82C6388219}.Release|Any CPU.ActiveCfg = Release|Any CPU
		{B1C4927E-4CA0-4165-A674-0F82C6388219}.Release|Any CPU.Build.0 = Release|Any CPU
		{998760F9-37F7-4036-B0B1-5DBAD33542AF}.Debug|Any CPU.ActiveCfg = Debug|Any CPU
		{998760F9-37F7-4036-B0B1-5DBAD33542AF}.Debug|Any CPU.Build.0 = Debug|Any CPU
		{998760F9-37F7-4036-B0B1-5DBAD33542AF}.Release|Any CPU.ActiveCfg = Release|Any CPU
		{998760F9-37F7-4036-B0B1-5DBAD33542AF}.Release|Any CPU.Build.0 = Release|Any CPU
	EndGlobalSection
	GlobalSection(SolutionProperties) = preSolution
		HideSolutionNode = FALSE
	EndGlobalSection
	GlobalSection(ExtensibilityGlobals) = postSolution
		SolutionGuid = {31133CED-72B4-4A1A-8994-5AE52997CAA5}
	EndGlobalSection
EndGlobal
